
Microsoft Visual Studio Solution File, Format Version 12.00
# Visual Studio 2015
Project("{FAE04EC0-301F-11D3-BF4B-00C04F79EFBC}") = "Coinz.CSharp", "Coinz.CSharp.csproj", "{1C74F562-D45C-2CE3-7EBF-429FA83A192F}"
EndProject
Project("{FAE04EC0-301F-11D3-BF4B-00C04F79EFBC}") = "Coinz.CSharp.Editor", "Coinz.CSharp.Editor.csproj", "{DE7D483F-6387-4EFD-7997-3167CFC9D90C}"
EndProject
Global
	GlobalSection(SolutionConfigurationPlatforms) = preSolution
		Debug|Any CPU = Debug|Any CPU
		Release|Any CPU = Release|Any CPU
	EndGlobalSection
	GlobalSection(ProjectConfigurationPlatforms) = postSolution
		{1C74F562-D45C-2CE3-7EBF-429FA83A192F}.Debug|Any CPU.ActiveCfg = Debug|Any CPU
		{1C74F562-D45C-2CE3-7EBF-429FA83A192F}.Debug|Any CPU.Build.0 = Debug|Any CPU
		{1C74F562-D45C-2CE3-7EBF-429FA83A192F}.Release|Any CPU.ActiveCfg = Release|Any CPU
		{1C74F562-D45C-2CE3-7EBF-429FA83A192F}.Release|Any CPU.Build.0 = Release|Any CPU
		{DE7D483F-6387-4EFD-7997-3167CFC9D90C}.Debug|Any CPU.ActiveCfg = Debug|Any CPU
		{DE7D483F-6387-4EFD-7997-3167CFC9D90C}.Debug|Any CPU.Build.0 = Debug|Any CPU
		{DE7D483F-6387-4EFD-7997-3167CFC9D90C}.Release|Any CPU.ActiveCfg = Release|Any CPU
		{DE7D483F-6387-4EFD-7997-3167CFC9D90C}.Release|Any CPU.Build.0 = Release|Any CPU
	EndGlobalSection
	GlobalSection(SolutionProperties) = preSolution
		HideSolutionNode = FALSE
	EndGlobalSection
EndGlobal
